{
  "requires": true,
  "lockfileVersion": 1,
  "dependencies": {
    "survey-core": {
      "version": "1.8.54",
      "resolved": "https://registry.npmjs.org/survey-core/-/survey-core-1.8.54.tgz",
      "integrity": "sha512-hJPa8Hx9/roZTaOePNgzDF6AZt6msZD7ObcdsrdWSCeAOCnWlqRh+TBGT3mklDNC3qAqLcoYkzrQl8svwCZs5Q=="
    }
  }
}
